
Microsoft Visual Studio Solution File, Format Version 12.00
# Visual Studio Version 16
VisualStudioVersion = 16.0.31424.327
MinimumVisualStudioVersion = 10.0.40219.1
Project("{FAE04EC0-301F-11D3-BF4B-00C04F79EFBC}") = "PS4_Cheater", "PS4_Cheater\PS4_Cheater.csproj", "{4E9777CB-1A84-41F6-ACB0-62EE5C9744AE}"
EndProject
Project("{9A19103F-16F7-4668-BE54-9A1E7A4F7556}") = "librpc", "jkpatch\librpc\librpc.csproj", "{2A5DCB21-938B-4EA5-852B-5A6647219BE4}"
EndProject
Project("{FAE04EC0-301F-11D3-BF4B-00C04F79EFBC}") = "ICheatPlugin", "PS4_Cheater\ICheatPlugin.csproj", "{0F0C70C1-1AAC-4716-8350-9F2503993848}"
EndProject
Project("{FAE04EC0-301F-11D3-BF4B-00C04F79EFBC}") = "CUCodeCheatPlugin", "PS4_Cheater\Plugins\CUCodeCheatPlugin\CUCodeCheatPlugin.csproj", "{C2ECCB1C-A5E2-4AAE-9D39-2C464CD184E0}"
EndProject
Project("{FAE04EC0-301F-11D3-BF4B-00C04F79EFBC}") = "dbgw", "ps4-debug-watch\dbgw.csproj", "{3E3BCEFE-FC01-4385-BECB-EBFADEE3CB5B}"
EndProject
Global
	GlobalSection(SolutionConfigurationPlatforms) = preSolution
		Debug|Any CPU = Debug|Any CPU
		Debug|ARM = Debug|ARM
		Debug|x64 = Debug|x64
		Debug|x86 = Debug|x86
		Release|Any CPU = Release|Any CPU
		Release|ARM = Release|ARM
		Release|x64 = Release|x64
		Release|x86 = Release|x86
	EndGlobalSection
	GlobalSection(ProjectConfigurationPlatforms) = postSolution
		{4E9777CB-1A84-41F6-ACB0-62EE5C9744AE}.Debug|Any CPU.ActiveCfg = Debug|Any CPU
		{4E9777CB-1A84-41F6-ACB0-62EE5C9744AE}.Debug|Any CPU.Build.0 = Debug|Any CPU
		{4E9777CB-1A84-41F6-ACB0-62EE5C9744AE}.Debug|ARM.ActiveCfg = Debug|Any CPU
		{4E9777CB-1A84-41F6-ACB0-62EE5C9744AE}.Debug|ARM.Build.0 = Debug|Any CPU
		{4E9777CB-1A84-41F6-ACB0-62EE5C9744AE}.Debug|x64.ActiveCfg = Debug|x64
		{4E9777CB-1A84-41F6-ACB0-62EE5C9744AE}.Debug|x64.Build.0 = Debug|x64
		{4E9777CB-1A84-41F6-ACB0-62EE5C9744AE}.Debug|x86.ActiveCfg = Debug|Any CPU
		{4E9777CB-1A84-41F6-ACB0-62EE5C9744AE}.Debug|x86.Build.0 = Debug|Any CPU
		{4E9777CB-1A84-41F6-ACB0-62EE5C9744AE}.Release|Any CPU.ActiveCfg = Release|Any CPU
		{4E9777CB-1A84-41F6-ACB0-62EE5C9744AE}.Release|Any CPU.Build.0 = Release|Any CPU
		{4E9777CB-1A84-41F6-ACB0-62EE5C9744AE}.Release|ARM.ActiveCfg = Release|Any CPU
		{4E9777CB-1A84-41F6-ACB0-62EE5C9744AE}.Release|ARM.Build.0 = Release|Any CPU
		{4E9777CB-1A84-41F6-ACB0-62EE5C9744AE}.Release|x64.ActiveCfg = Release|x64
		{4E9777CB-1A84-41F6-ACB0-62EE5C9744AE}.Release|x64.Build.0 = Release|x64
		{4E9777CB-1A84-41F6-ACB0-62EE5C9744AE}.Release|x86.ActiveCfg = Release|Any CPU
		{4E9777CB-1A84-41F6-ACB0-62EE5C9744AE}.Release|x86.Build.0 = Release|Any CPU
		{2A5DCB21-938B-4EA5-852B-5A6647219BE4}.Debug|Any CPU.ActiveCfg = Debug|Any CPU
		{2A5DCB21-938B-4EA5-852B-5A6647219BE4}.Debug|Any CPU.Build.0 = Debug|Any CPU
		{2A5DCB21-938B-4EA5-852B-5A6647219BE4}.Debug|ARM.ActiveCfg = Debug|Any CPU
		{2A5DCB21-938B-4EA5-852B-5A6647219BE4}.Debug|ARM.Build.0 = Debug|Any CPU
		{2A5DCB21-938B-4EA5-852B-5A6647219BE4}.Debug|x64.ActiveCfg = Debug|Any CPU
		{2A5DCB21-938B-4EA5-852B-5A6647219BE4}.Debug|x64.Build.0 = Debug|Any CPU
		{2A5DCB21-938B-4EA5-852B-5A6647219BE4}.Debug|x86.ActiveCfg = Debug|Any CPU
		{2A5DCB21-938B-4EA5-852B-5A6647219BE4}.Debug|x86.Build.0 = Debug|Any CPU
		{2A5DCB21-938B-4EA5-852B-5A6647219BE4}.Release|Any CPU.ActiveCfg = Release|Any CPU
		{2A5DCB21-938B-4EA5-852B-5A6647219BE4}.Release|Any CPU.Build.0 = Release|Any CPU
		{2A5DCB21-938B-4EA5-852B-5A6647219BE4}.Release|ARM.ActiveCfg = Release|Any CPU
		{2A5DCB21-938B-4EA5-852B-5A6647219BE4}.Release|ARM.Build.0 = Release|Any CPU
		{2A5DCB21-938B-4EA5-852B-5A6647219BE4}.Release|x64.ActiveCfg = Release|Any CPU
		{2A5DCB21-938B-4EA5-852B-5A6647219BE4}.Release|x64.Build.0 = Release|Any CPU
		{2A5DCB21-938B-4EA5-852B-5A6647219BE4}.Release|x86.ActiveCfg = Release|Any CPU
		{2A5DCB21-938B-4EA5-852B-5A6647219BE4}.Release|x86.Build.0 = Release|Any CPU
		{0F0C70C1-1AAC-4716-8350-9F2503993848}.Debug|Any CPU.ActiveCfg = Debug|Any CPU
		{0F0C70C1-1AAC-4716-8350-9F2503993848}.Debug|Any CPU.Build.0 = Debug|Any CPU
		{0F0C70C1-1AAC-4716-8350-9F2503993848}.Debug|ARM.ActiveCfg = Debug|Any CPU
		{0F0C70C1-1AAC-4716-8350-9F2503993848}.Debug|ARM.Build.0 = Debug|Any CPU
		{0F0C70C1-1AAC-4716-8350-9F2503993848}.Debug|x64.ActiveCfg = Debug|Any CPU
		{0F0C70C1-1AAC-4716-8350-9F2503993848}.Debug|x64.Build.0 = Debug|Any CPU
		{0F0C70C1-1AAC-4716-8350-9F2503993848}.Debug|x86.ActiveCfg = Debug|Any CPU
		{0F0C70C1-1AAC-4716-8350-9F2503993848}.Debug|x86.Build.0 = Debug|Any CPU
		{0F0C70C1-1AAC-4716-8350-9F2503993848}.Release|Any CPU.ActiveCfg = Release|Any CPU
		{0F0C70C1-1AAC-4716-8350-9F2503993848}.Release|Any CPU.Build.0 = Release|Any CPU
		{0F0C70C1-1AAC-4716-8350-9F2503993848}.Release|ARM.ActiveCfg = Release|Any CPU
		{0F0C70C1-1AAC-4716-8350-9F2503993848}.Release|ARM.Build.0 = Release|Any CPU
		{0F0C70C1-1AAC-4716-8350-9F2503993848}.Release|x64.ActiveCfg = Release|Any CPU
		{0F0C70C1-1AAC-4716-8350-9F2503993848}.Release|x64.Build.0 = Release|Any CPU
		{0F0C70C1-1AAC-4716-8350-9F2503993848}.Release|x86.ActiveCfg = Release|Any CPU
		{0F0C70C1-1AAC-4716-8350-9F2503993848}.Release|x86.Build.0 = Release|Any CPU
		{C2ECCB1C-A5E2-4AAE-9D39-2C464CD184E0}.Debug|Any CPU.ActiveCfg = Debug|Any CPU
		{C2ECCB1C-A5E2-4AAE-9D39-2C464CD184E0}.Debug|Any CPU.Build.0 = Debug|Any CPU
		{C2ECCB1C-A5E2-4AAE-9D39-2C464CD184E0}.Debug|ARM.ActiveCfg = Debug|Any CPU
		{C2ECCB1C-A5E2-4AAE-9D39-2C464CD184E0}.Debug|ARM.Build.0 = Debug|Any CPU
		{C2ECCB1C-A5E2-4AAE-9D39-2C464CD184E0}.Debug|x64.ActiveCfg = Debug|Any CPU
		{C2ECCB1C-A5E2-4AAE-9D39-2C464CD184E0}.Debug|x64.Build.0 = Debug|Any CPU
		{C2ECCB1C-A5E2-4AAE-9D39-2C464CD184E0}.Debug|x86.ActiveCfg = Debug|Any CPU
		{C2ECCB1C-A5E2-4AAE-9D39-2C464CD184E0}.Debug|x86.Build.0 = Debug|Any CPU
		{C2ECCB1C-A5E2-4AAE-9D39-2C464CD184E0}.Release|Any CPU.ActiveCfg = Release|Any CPU
		{C2ECCB1C-A5E2-4AAE-9D39-2C464CD184E0}.Release|Any CPU.Build.0 = Release|Any CPU
		{C2ECCB1C-A5E2-4AAE-9D39-2C464CD184E0}.Release|ARM.ActiveCfg = Release|Any CPU
		{C2ECCB1C-A5E2-4AAE-9D39-2C464CD184E0}.Release|ARM.Build.0 = Release|Any CPU
		{C2ECCB1C-A5E2-4AAE-9D39-2C464CD184E0}.Release|x64.ActiveCfg = Release|Any CPU
		{C2ECCB1C-A5E2-4AAE-9D39-2C464CD184E0}.Release|x64.Build.0 = Release|Any CPU
		{C2ECCB1C-A5E2-4AAE-9D39-2C464CD184E0}.Release|x86.ActiveCfg = Release|Any CPU
		{C2ECCB1C-A5E2-4AAE-9D39-2C464CD184E0}.Release|x86.Build.0 = Release|Any CPU
		{3E3BCEFE-FC01-4385-BECB-EBFADEE3CB5B}.Debug|Any CPU.ActiveCfg = Debug|Any CPU
		{3E3BCEFE-FC01-4385-BECB-EBFADEE3CB5B}.Debug|Any CPU.Build.0 = Debug|Any CPU
		{3E3BCEFE-FC01-4385-BECB-EBFADEE3CB5B}.Debug|ARM.ActiveCfg = Debug|Any CPU
		{3E3BCEFE-FC01-4385-BECB-EBFADEE3CB5B}.Debug|ARM.Build.0 = Debug|Any CPU
		{3E3BCEFE-FC01-4385-BECB-EBFADEE3CB5B}.Debug|x64.ActiveCfg = Debug|Any CPU
		{3E3BCEFE-FC01-4385-BECB-EBFADEE3CB5B}.Debug|x64.Build.0 = Debug|Any CPU
		{3E3BCEFE-FC01-4385-BECB-EBFADEE3CB5B}.Debug|x86.ActiveCfg = Debug|Any CPU
		{3E3BCEFE-FC01-4385-BECB-EBFADEE3CB5B}.Debug|x86.Build.0 = Debug|Any CPU
		{3E3BCEFE-FC01-4385-BECB-EBFADEE3CB5B}.Release|Any CPU.ActiveCfg = Release|Any CPU
		{3E3BCEFE-FC01-4385-BECB-EBFADEE3CB5B}.Release|Any CPU.Build.0 = Release|Any CPU
		{3E3BCEFE-FC01-4385-BECB-EBFADEE3CB5B}.Release|ARM.ActiveCfg = Release|Any CPU
		{3E3BCEFE-FC01-4385-BECB-EBFADEE3CB5B}.Release|ARM.Build.0 = Release|Any CPU
		{3E3BCEFE-FC01-4385-BECB-EBFADEE3CB5B}.Release|x64.ActiveCfg = Release|Any CPU
		{3E3BCEFE-FC01-4385-BECB-EBFADEE3CB5B}.Release|x64.Build.0 = Release|Any CPU
		{3E3BCEFE-FC01-4385-BECB-EBFADEE3CB5B}.Release|x86.ActiveCfg = Release|Any CPU
		{3E3BCEFE-FC01-4385-BECB-EBFADEE3CB5B}.Release|x86.Build.0 = Release|Any CPU
	EndGlobalSection
	GlobalSection(SolutionProperties) = preSolution
		HideSolutionNode = FALSE
	EndGlobalSection
	GlobalSection(ExtensibilityGlobals) = postSolution
		SolutionGuid = {F564153E-711F-415E-A5DA-44199E81A99A}
	EndGlobalSection
EndGlobal
